
Microsoft Visual Studio Solution File, Format Version 12.00
# Visual Studio Version 17
VisualStudioVersion = 17.14.36121.58 d17.14
MinimumVisualStudioVersion = 10.0.40219.1
Project("{FAE04EC0-301F-11D3-BF4B-00C04F79EFBC}") = "RiverCompiler", "RiverCompiler\RiverCompiler.csproj", "{AE5B2541-67A1-4715-9AFC-EAFFA2BA9887}"
EndProject
Project("{FAE04EC0-301F-11D3-BF4B-00C04F79EFBC}") = "FLang.TestLab", "FLang.TestLab\FLang.TestLab.csproj", "{FEDBFE6B-C694-42A1-A26E-5222274D63B5}"
EndProject
Global
	GlobalSection(SolutionConfigurationPlatforms) = preSolution
		Debug|Any CPU = Debug|Any CPU
		Release|Any CPU = Release|Any CPU
	EndGlobalSection
	GlobalSection(ProjectConfigurationPlatforms) = postSolution
		{AE5B2541-67A1-4715-9AFC-EAFFA2BA9887}.Debug|Any CPU.ActiveCfg = Debug|Any CPU
		{AE5B2541-67A1-4715-9AFC-EAFFA2BA9887}.Debug|Any CPU.Build.0 = Debug|Any CPU
		{AE5B2541-67A1-4715-9AFC-EAFFA2BA9887}.Release|Any CPU.ActiveCfg = Release|Any CPU
		{AE5B2541-67A1-4715-9AFC-EAFFA2BA9887}.Release|Any CPU.Build.0 = Release|Any CPU
		{FEDBFE6B-C694-42A1-A26E-5222274D63B5}.Debug|Any CPU.ActiveCfg = Debug|Any CPU
		{FEDBFE6B-C694-42A1-A26E-5222274D63B5}.Debug|Any CPU.Build.0 = Debug|Any CPU
		{FEDBFE6B-C694-42A1-A26E-5222274D63B5}.Release|Any CPU.ActiveCfg = Release|Any CPU
		{FEDBFE6B-C694-42A1-A26E-5222274D63B5}.Release|Any CPU.Build.0 = Release|Any CPU
	EndGlobalSection
	GlobalSection(SolutionProperties) = preSolution
		HideSolutionNode = FALSE
	EndGlobalSection
	GlobalSection(ExtensibilityGlobals) = postSolution
		SolutionGuid = {2F9B537D-C477-411E-AB55-29F1D7467E89}
	EndGlobalSection
EndGlobal
